
Microsoft Visual Studio Solution File, Format Version 11.00
# Visual Studio 2010
Project("{8BC9CEB8-8B4A-11D0-8D11-00A0C91BC942}") = "DigitalImageProcessing", "DigitalImageProcessing\DigitalImageProcessing.vcxproj", "{0D8D0678-A5F7-478C-9286-F4948C085DAE}"
EndProject
Global
	GlobalSection(SolutionConfigurationPlatforms) = preSolution
		Debug|Win32 = Debug|Win32
		Release|Win32 = Release|Win32
	EndGlobalSection
	GlobalSection(ProjectConfigurationPlatforms) = postSolution
		{0D8D0678-A5F7-478C-9286-F4948C085DAE}.Debug|Win32.ActiveCfg = Debug|Win32
		{0D8D0678-A5F7-478C-9286-F4948C085DAE}.Debug|Win32.Build.0 = Debug|Win32
		{0D8D0678-A5F7-478C-9286-F4948C085DAE}.Release|Win32.ActiveCfg = Release|Win32
		{0D8D0678-A5F7-478C-9286-F4948C085DAE}.Release|Win32.Build.0 = Release|Win32
	EndGlobalSection
	GlobalSection(SolutionProperties) = preSolution
		HideSolutionNode = FALSE
	EndGlobalSection
EndGlobal
