
Microsoft Visual Studio Solution File, Format Version 11.00
# Visual Studio 2010
Project("{FAE04EC0-301F-11D3-BF4B-00C04F79EFBC}") = "ManagedDigitalImageProcessing", "ManagedDigitalImageProcessing\ManagedDigitalImageProcessing.csproj", "{F563502E-F56D-4AFB-9051-601F70459270}"
EndProject
Project("{FAE04EC0-301F-11D3-BF4B-00C04F79EFBC}") = "DIPUI", "DIPUI\DIPUI.csproj", "{ED14BFDD-6202-44A7-8831-6EFA7033DA0C}"
EndProject
Global
	GlobalSection(SolutionConfigurationPlatforms) = preSolution
		Debug|Mixed Platforms = Debug|Mixed Platforms
		Debug|Win32 = Debug|Win32
		Debug|x86 = Debug|x86
		Release|Mixed Platforms = Release|Mixed Platforms
		Release|Win32 = Release|Win32
		Release|x86 = Release|x86
	EndGlobalSection
	GlobalSection(ProjectConfigurationPlatforms) = postSolution
		{F563502E-F56D-4AFB-9051-601F70459270}.Debug|Mixed Platforms.ActiveCfg = Debug|x86
		{F563502E-F56D-4AFB-9051-601F70459270}.Debug|Mixed Platforms.Build.0 = Debug|x86
		{F563502E-F56D-4AFB-9051-601F70459270}.Debug|Win32.ActiveCfg = Debug|x86
		{F563502E-F56D-4AFB-9051-601F70459270}.Debug|x86.ActiveCfg = Debug|x86
		{F563502E-F56D-4AFB-9051-601F70459270}.Debug|x86.Build.0 = Debug|x86
		{F563502E-F56D-4AFB-9051-601F70459270}.Release|Mixed Platforms.ActiveCfg = Release|x86
		{F563502E-F56D-4AFB-9051-601F70459270}.Release|Mixed Platforms.Build.0 = Release|x86
		{F563502E-F56D-4AFB-9051-601F70459270}.Release|Win32.ActiveCfg = Release|x86
		{F563502E-F56D-4AFB-9051-601F70459270}.Release|x86.ActiveCfg = Release|x86
		{F563502E-F56D-4AFB-9051-601F70459270}.Release|x86.Build.0 = Release|x86
		{ED14BFDD-6202-44A7-8831-6EFA7033DA0C}.Debug|Mixed Platforms.ActiveCfg = Debug|x86
		{ED14BFDD-6202-44A7-8831-6EFA7033DA0C}.Debug|Mixed Platforms.Build.0 = Debug|x86
		{ED14BFDD-6202-44A7-8831-6EFA7033DA0C}.Debug|Win32.ActiveCfg = Debug|x86
		{ED14BFDD-6202-44A7-8831-6EFA7033DA0C}.Debug|x86.ActiveCfg = Debug|x86
		{ED14BFDD-6202-44A7-8831-6EFA7033DA0C}.Debug|x86.Build.0 = Debug|x86
		{ED14BFDD-6202-44A7-8831-6EFA7033DA0C}.Release|Mixed Platforms.ActiveCfg = Release|x86
		{ED14BFDD-6202-44A7-8831-6EFA7033DA0C}.Release|Mixed Platforms.Build.0 = Release|x86
		{ED14BFDD-6202-44A7-8831-6EFA7033DA0C}.Release|Win32.ActiveCfg = Release|x86
		{ED14BFDD-6202-44A7-8831-6EFA7033DA0C}.Release|x86.ActiveCfg = Release|x86
		{ED14BFDD-6202-44A7-8831-6EFA7033DA0C}.Release|x86.Build.0 = Release|x86
	EndGlobalSection
	GlobalSection(SolutionProperties) = preSolution
		HideSolutionNode = FALSE
	EndGlobalSection
EndGlobal
